// !$*UTF8*$!
{
	archiveVersion = 1;
	classes = {
	};
	objectVersion = 56;
	objects = {

/* Begin PBXBuildFile section */
		0D0ED31029A4442800BCEAC9 /* OnboardingViewModel.swift in Sources */ = {isa = PBXBuildFile; fileRef = 0D0ED30F29A4442800BCEAC9 /* OnboardingViewModel.swift */; };
		0D4F594F2995C878002E1979 /* MainView.swift in Sources */ = {isa = PBXBuildFile; fileRef = 0D4F594E2995C878002E1979 /* MainView.swift */; };
		0D4F595129A020A7002E1979 /* SignInView.swift in Sources */ = {isa = PBXBuildFile; fileRef = 0D4F595029A020A7002E1979 /* SignInView.swift */; };
		0DE4B57B295BA24A00297FB6 /* recipezApp.swift in Sources */ = {isa = PBXBuildFile; fileRef = 0DE4B57A295BA24A00297FB6 /* recipezApp.swift */; };
		0DE4B57D295BA24A00297FB6 /* HomeView.swift in Sources */ = {isa = PBXBuildFile; fileRef = 0DE4B57C295BA24A00297FB6 /* HomeView.swift */; };
		0DE4B57F295BA24B00297FB6 /* Assets.xcassets in Resources */ = {isa = PBXBuildFile; fileRef = 0DE4B57E295BA24B00297FB6 /* Assets.xcassets */; };
		0DE4B582295BA24B00297FB6 /* Preview Assets.xcassets in Resources */ = {isa = PBXBuildFile; fileRef = 0DE4B581295BA24B00297FB6 /* Preview Assets.xcassets */; };
		0DE4B58C295BA46C00297FB6 /* Meal_Model.swift in Sources */ = {isa = PBXBuildFile; fileRef = 0DE4B58B295BA46C00297FB6 /* Meal_Model.swift */; };
		0DE4B58E296E60F100297FB6 /* RecipeSearchViewModel.swift in Sources */ = {isa = PBXBuildFile; fileRef = 0DE4B58D296E60F100297FB6 /* RecipeSearchViewModel.swift */; };
		0DED451C29EB35AE00F48F69 /* PhotoPickerView.swift in Sources */ = {isa = PBXBuildFile; fileRef = 0DED451B29EB35AE00F48F69 /* PhotoPickerView.swift */; };
		0DED451E29EB3C2500F48F69 /* PhotoPickerModel.swift in Sources */ = {isa = PBXBuildFile; fileRef = 0DED451D29EB3C2500F48F69 /* PhotoPickerModel.swift */; };
		0DED452129EE2BFB00F48F69 /* FirebaseAnalytics in Frameworks */ = {isa = PBXBuildFile; productRef = 0DED452029EE2BFB00F48F69 /* FirebaseAnalytics */; };
		0DED452329EE2BFB00F48F69 /* FirebaseAnalyticsOnDeviceConversion in Frameworks */ = {isa = PBXBuildFile; productRef = 0DED452229EE2BFB00F48F69 /* FirebaseAnalyticsOnDeviceConversion */; };
		0DED452529EE2BFB00F48F69 /* FirebaseAnalyticsSwift in Frameworks */ = {isa = PBXBuildFile; productRef = 0DED452429EE2BFB00F48F69 /* FirebaseAnalyticsSwift */; };
		0DED452729EE2BFB00F48F69 /* FirebaseAnalyticsWithoutAdIdSupport in Frameworks */ = {isa = PBXBuildFile; productRef = 0DED452629EE2BFB00F48F69 /* FirebaseAnalyticsWithoutAdIdSupport */; };
		0DED452929EE2BFB00F48F69 /* FirebaseAuth in Frameworks */ = {isa = PBXBuildFile; productRef = 0DED452829EE2BFB00F48F69 /* FirebaseAuth */; };
		0DED452B29EE2BFB00F48F69 /* FirebaseCrashlytics in Frameworks */ = {isa = PBXBuildFile; productRef = 0DED452A29EE2BFB00F48F69 /* FirebaseCrashlytics */; };
		0DED452D29EE2BFB00F48F69 /* FirebaseDatabase in Frameworks */ = {isa = PBXBuildFile; productRef = 0DED452C29EE2BFB00F48F69 /* FirebaseDatabase */; };
		0DED452F29EE2BFB00F48F69 /* FirebaseDynamicLinks in Frameworks */ = {isa = PBXBuildFile; productRef = 0DED452E29EE2BFB00F48F69 /* FirebaseDynamicLinks */; };
		0DED453129EE2BFB00F48F69 /* FirebaseFirestore in Frameworks */ = {isa = PBXBuildFile; productRef = 0DED453029EE2BFB00F48F69 /* FirebaseFirestore */; };
		0DED453329EE2BFB00F48F69 /* FirebaseFirestoreCombine-Community in Frameworks */ = {isa = PBXBuildFile; productRef = 0DED453229EE2BFB00F48F69 /* FirebaseFirestoreCombine-Community */; };
		0DED453529EE2BFB00F48F69 /* FirebaseFirestoreSwift in Frameworks */ = {isa = PBXBuildFile; productRef = 0DED453429EE2BFB00F48F69 /* FirebaseFirestoreSwift */; };
		0DED453729EE2BFB00F48F69 /* FirebaseFunctions in Frameworks */ = {isa = PBXBuildFile; productRef = 0DED453629EE2BFB00F48F69 /* FirebaseFunctions */; };
		0DED453929EE2BFB00F48F69 /* FirebaseFunctionsCombine-Community in Frameworks */ = {isa = PBXBuildFile; productRef = 0DED453829EE2BFB00F48F69 /* FirebaseFunctionsCombine-Community */; };
		0DED453B29EE2BFB00F48F69 /* FirebaseStorage in Frameworks */ = {isa = PBXBuildFile; productRef = 0DED453A29EE2BFB00F48F69 /* FirebaseStorage */; };
		0DED453D29EE2BFB00F48F69 /* FirebaseStorageCombine-Community in Frameworks */ = {isa = PBXBuildFile; productRef = 0DED453C29EE2BFB00F48F69 /* FirebaseStorageCombine-Community */; };
		0DED453F29F3160300F48F69 /* RecipeModel.swift in Sources */ = {isa = PBXBuildFile; fileRef = 0DED453E29F3160200F48F69 /* RecipeModel.swift */; };
		0DF6AEA429DA0AF90060E65D /* CreateRecipeView.swift in Sources */ = {isa = PBXBuildFile; fileRef = 0DF6AEA329DA0AF90060E65D /* CreateRecipeView.swift */; };
		0DF6AEA629DB58E70060E65D /* CreateRecipeViewModel.swift in Sources */ = {isa = PBXBuildFile; fileRef = 0DF6AEA529DB58E70060E65D /* CreateRecipeViewModel.swift */; };
		0DF6AEAA29DB93F90060E65D /* GoogleService-Info.plist in Resources */ = {isa = PBXBuildFile; fileRef = 0DF6AEA929DB93F90060E65D /* GoogleService-Info.plist */; };
		235CE98F8FE736980EB2D9AC /* Pods_recipez.framework in Frameworks */ = {isa = PBXBuildFile; fileRef = 546323907635BE046C106BE3 /* Pods_recipez.framework */; };
/* End PBXBuildFile section */

/* Begin PBXFileReference section */
		0D0ED30F29A4442800BCEAC9 /* OnboardingViewModel.swift */ = {isa = PBXFileReference; lastKnownFileType = sourcecode.swift; path = OnboardingViewModel.swift; sourceTree = "<group>"; };
		0D4F594E2995C878002E1979 /* MainView.swift */ = {isa = PBXFileReference; lastKnownFileType = sourcecode.swift; path = MainView.swift; sourceTree = "<group>"; };
		0D4F595029A020A7002E1979 /* SignInView.swift */ = {isa = PBXFileReference; lastKnownFileType = sourcecode.swift; path = SignInView.swift; sourceTree = "<group>"; };
		0DA3D43829D2606800CB4881 /* Info.plist */ = {isa = PBXFileReference; lastKnownFileType = text.plist; path = Info.plist; sourceTree = "<group>"; };
		0DE4B577295BA24A00297FB6 /* recipez.app */ = {isa = PBXFileReference; explicitFileType = wrapper.application; includeInIndex = 0; path = recipez.app; sourceTree = BUILT_PRODUCTS_DIR; };
		0DE4B57A295BA24A00297FB6 /* recipezApp.swift */ = {isa = PBXFileReference; lastKnownFileType = sourcecode.swift; path = recipezApp.swift; sourceTree = "<group>"; };
		0DE4B57C295BA24A00297FB6 /* HomeView.swift */ = {isa = PBXFileReference; lastKnownFileType = sourcecode.swift; path = HomeView.swift; sourceTree = "<group>"; };
		0DE4B57E295BA24B00297FB6 /* Assets.xcassets */ = {isa = PBXFileReference; lastKnownFileType = folder.assetcatalog; path = Assets.xcassets; sourceTree = "<group>"; };
		0DE4B581295BA24B00297FB6 /* Preview Assets.xcassets */ = {isa = PBXFileReference; lastKnownFileType = folder.assetcatalog; path = "Preview Assets.xcassets"; sourceTree = "<group>"; };
		0DE4B58B295BA46C00297FB6 /* Meal_Model.swift */ = {isa = PBXFileReference; lastKnownFileType = sourcecode.swift; path = Meal_Model.swift; sourceTree = "<group>"; };
		0DE4B58D296E60F100297FB6 /* RecipeSearchViewModel.swift */ = {isa = PBXFileReference; lastKnownFileType = sourcecode.swift; path = RecipeSearchViewModel.swift; sourceTree = "<group>"; };
		0DED451B29EB35AE00F48F69 /* PhotoPickerView.swift */ = {isa = PBXFileReference; lastKnownFileType = sourcecode.swift; path = PhotoPickerView.swift; sourceTree = "<group>"; };
		0DED451D29EB3C2500F48F69 /* PhotoPickerModel.swift */ = {isa = PBXFileReference; lastKnownFileType = sourcecode.swift; path = PhotoPickerModel.swift; sourceTree = "<group>"; };
		0DED453E29F3160200F48F69 /* RecipeModel.swift */ = {isa = PBXFileReference; lastKnownFileType = sourcecode.swift; path = RecipeModel.swift; sourceTree = "<group>"; };
		0DF6AE9F29D3AA700060E65D /* recipez.entitlements */ = {isa = PBXFileReference; lastKnownFileType = text.plist.entitlements; path = recipez.entitlements; sourceTree = "<group>"; };
		0DF6AEA329DA0AF90060E65D /* CreateRecipeView.swift */ = {isa = PBXFileReference; lastKnownFileType = sourcecode.swift; path = CreateRecipeView.swift; sourceTree = "<group>"; };
		0DF6AEA529DB58E70060E65D /* CreateRecipeViewModel.swift */ = {isa = PBXFileReference; lastKnownFileType = sourcecode.swift; path = CreateRecipeViewModel.swift; sourceTree = "<group>"; };
		0DF6AEA929DB93F90060E65D /* GoogleService-Info.plist */ = {isa = PBXFileReference; fileEncoding = 4; lastKnownFileType = text.plist.xml; path = "GoogleService-Info.plist"; sourceTree = "<group>"; };
		546323907635BE046C106BE3 /* Pods_recipez.framework */ = {isa = PBXFileReference; explicitFileType = wrapper.framework; includeInIndex = 0; path = Pods_recipez.framework; sourceTree = BUILT_PRODUCTS_DIR; };
		846183FB7C271F570D501140 /* Pods-recipez.debug.xcconfig */ = {isa = PBXFileReference; includeInIndex = 1; lastKnownFileType = text.xcconfig; name = "Pods-recipez.debug.xcconfig"; path = "Target Support Files/Pods-recipez/Pods-recipez.debug.xcconfig"; sourceTree = "<group>"; };
		C9FF8625D1F3C2744ADB8380 /* Pods-recipez.release.xcconfig */ = {isa = PBXFileReference; includeInIndex = 1; lastKnownFileType = text.xcconfig; name = "Pods-recipez.release.xcconfig"; path = "Target Support Files/Pods-recipez/Pods-recipez.release.xcconfig"; sourceTree = "<group>"; };
/* End PBXFileReference section */

/* Begin PBXFrameworksBuildPhase section */
		0DE4B574295BA24A00297FB6 /* Frameworks */ = {
			isa = PBXFrameworksBuildPhase;
			buildActionMask = 2147483647;
			files = (
				0DED452529EE2BFB00F48F69 /* FirebaseAnalyticsSwift in Frameworks */,
				0DED452929EE2BFB00F48F69 /* FirebaseAuth in Frameworks */,
				0DED452729EE2BFB00F48F69 /* FirebaseAnalyticsWithoutAdIdSupport in Frameworks */,
				0DED453129EE2BFB00F48F69 /* FirebaseFirestore in Frameworks */,
				0DED452B29EE2BFB00F48F69 /* FirebaseCrashlytics in Frameworks */,
				0DED453329EE2BFB00F48F69 /* FirebaseFirestoreCombine-Community in Frameworks */,
				0DED452129EE2BFB00F48F69 /* FirebaseAnalytics in Frameworks */,
				0DED453929EE2BFB00F48F69 /* FirebaseFunctionsCombine-Community in Frameworks */,
				0DED453B29EE2BFB00F48F69 /* FirebaseStorage in Frameworks */,
				0DED452F29EE2BFB00F48F69 /* FirebaseDynamicLinks in Frameworks */,
				0DED453D29EE2BFB00F48F69 /* FirebaseStorageCombine-Community in Frameworks */,
				0DED452329EE2BFB00F48F69 /* FirebaseAnalyticsOnDeviceConversion in Frameworks */,
				0DED453729EE2BFB00F48F69 /* FirebaseFunctions in Frameworks */,
				0DED452D29EE2BFB00F48F69 /* FirebaseDatabase in Frameworks */,
				235CE98F8FE736980EB2D9AC /* Pods_recipez.framework in Frameworks */,
				0DED453529EE2BFB00F48F69 /* FirebaseFirestoreSwift in Frameworks */,
			);
			runOnlyForDeploymentPostprocessing = 0;
		};
/* End PBXFrameworksBuildPhase section */

/* Begin PBXGroup section */
		0DE4B56E295BA24A00297FB6 = {
			isa = PBXGroup;
			children = (
				0DE4B579295BA24A00297FB6 /* recipez */,
				0DE4B578295BA24A00297FB6 /* Products */,
				6A27C546AE62869FA3AAECB1 /* Pods */,
				A81E7A1A92F01872C4AEB0CB /* Frameworks */,
			);
			sourceTree = "<group>";
		};
		0DE4B578295BA24A00297FB6 /* Products */ = {
			isa = PBXGroup;
			children = (
				0DE4B577295BA24A00297FB6 /* recipez.app */,
			);
			name = Products;
			sourceTree = "<group>";
		};
		0DE4B579295BA24A00297FB6 /* recipez */ = {
			isa = PBXGroup;
			children = (
				0DF6AE9F29D3AA700060E65D /* recipez.entitlements */,
				0DA3D43829D2606800CB4881 /* Info.plist */,
				0DF6AEA929DB93F90060E65D /* GoogleService-Info.plist */,
				0DE4B57E295BA24B00297FB6 /* Assets.xcassets */,
				0DE4B57A295BA24A00297FB6 /* recipezApp.swift */,
				0DE4B588295BA26900297FB6 /* Models */,
				0DF6AEA229D3CCBE0060E65D /* ViewModels */,
				0DF6AEA129D3CCB40060E65D /* Views */,
				0DE4B580295BA24B00297FB6 /* Preview Content */,
			);
			path = recipez;
			sourceTree = "<group>";
		};
		0DE4B580295BA24B00297FB6 /* Preview Content */ = {
			isa = PBXGroup;
			children = (
				0DE4B581295BA24B00297FB6 /* Preview Assets.xcassets */,
			);
			path = "Preview Content";
			sourceTree = "<group>";
		};
		0DE4B588295BA26900297FB6 /* Models */ = {
			isa = PBXGroup;
			children = (
				0DE4B58B295BA46C00297FB6 /* Meal_Model.swift */,
				0DED451D29EB3C2500F48F69 /* PhotoPickerModel.swift */,
				0DED453E29F3160200F48F69 /* RecipeModel.swift */,
			);
			path = Models;
			sourceTree = "<group>";
		};
		0DF6AEA129D3CCB40060E65D /* Views */ = {
			isa = PBXGroup;
			children = (
				0D4F595029A020A7002E1979 /* SignInView.swift */,
				0D4F594E2995C878002E1979 /* MainView.swift */,
				0DE4B57C295BA24A00297FB6 /* HomeView.swift */,
				0DF6AEA329DA0AF90060E65D /* CreateRecipeView.swift */,
				0DED451B29EB35AE00F48F69 /* PhotoPickerView.swift */,
			);
			path = Views;
			sourceTree = "<group>";
		};
		0DF6AEA229D3CCBE0060E65D /* ViewModels */ = {
			isa = PBXGroup;
			children = (
				0DE4B58D296E60F100297FB6 /* RecipeSearchViewModel.swift */,
				0D0ED30F29A4442800BCEAC9 /* OnboardingViewModel.swift */,
				0DF6AEA529DB58E70060E65D /* CreateRecipeViewModel.swift */,
			);
			path = ViewModels;
			sourceTree = "<group>";
		};
		6A27C546AE62869FA3AAECB1 /* Pods */ = {
			isa = PBXGroup;
			children = (
				846183FB7C271F570D501140 /* Pods-recipez.debug.xcconfig */,
				C9FF8625D1F3C2744ADB8380 /* Pods-recipez.release.xcconfig */,
			);
			path = Pods;
			sourceTree = "<group>";
		};
		A81E7A1A92F01872C4AEB0CB /* Frameworks */ = {
			isa = PBXGroup;
			children = (
				546323907635BE046C106BE3 /* Pods_recipez.framework */,
			);
			name = Frameworks;
			sourceTree = "<group>";
		};
/* End PBXGroup section */

/* Begin PBXNativeTarget section */
		0DE4B576295BA24A00297FB6 /* recipez */ = {
			isa = PBXNativeTarget;
			buildConfigurationList = 0DE4B585295BA24B00297FB6 /* Build configuration list for PBXNativeTarget "recipez" */;
			buildPhases = (
				75BAD117CB06634718AE4384 /* [CP] Check Pods Manifest.lock */,
				0DE4B573295BA24A00297FB6 /* Sources */,
				0DE4B574295BA24A00297FB6 /* Frameworks */,
				0DE4B575295BA24A00297FB6 /* Resources */,
				CC61290FD26D58E49033F243 /* [CP] Embed Pods Frameworks */,
			);
			buildRules = (
			);
			dependencies = (
			);
			name = recipez;
			packageProductDependencies = (
				0DED452029EE2BFB00F48F69 /* FirebaseAnalytics */,
				0DED452229EE2BFB00F48F69 /* FirebaseAnalyticsOnDeviceConversion */,
				0DED452429EE2BFB00F48F69 /* FirebaseAnalyticsSwift */,
				0DED452629EE2BFB00F48F69 /* FirebaseAnalyticsWithoutAdIdSupport */,
				0DED452829EE2BFB00F48F69 /* FirebaseAuth */,
				0DED452A29EE2BFB00F48F69 /* FirebaseCrashlytics */,
				0DED452C29EE2BFB00F48F69 /* FirebaseDatabase */,
				0DED452E29EE2BFB00F48F69 /* FirebaseDynamicLinks */,
				0DED453029EE2BFB00F48F69 /* FirebaseFirestore */,
				0DED453229EE2BFB00F48F69 /* FirebaseFirestoreCombine-Community */,
				0DED453429EE2BFB00F48F69 /* FirebaseFirestoreSwift */,
				0DED453629EE2BFB00F48F69 /* FirebaseFunctions */,
				0DED453829EE2BFB00F48F69 /* FirebaseFunctionsCombine-Community */,
				0DED453A29EE2BFB00F48F69 /* FirebaseStorage */,
				0DED453C29EE2BFB00F48F69 /* FirebaseStorageCombine-Community */,
			);
			productName = recipez;
			productReference = 0DE4B577295BA24A00297FB6 /* recipez.app */;
			productType = "com.apple.product-type.application";
		};
/* End PBXNativeTarget section */

/* Begin PBXProject section */
		0DE4B56F295BA24A00297FB6 /* Project object */ = {
			isa = PBXProject;
			attributes = {
				BuildIndependentTargetsInParallel = 1;
				LastSwiftUpdateCheck = 1400;
				LastUpgradeCheck = 1400;
				TargetAttributes = {
					0DE4B576295BA24A00297FB6 = {
						CreatedOnToolsVersion = 14.0.1;
					};
				};
			};
			buildConfigurationList = 0DE4B572295BA24A00297FB6 /* Build configuration list for PBXProject "recipez" */;
			compatibilityVersion = "Xcode 14.0";
			developmentRegion = en;
			hasScannedForEncodings = 0;
			knownRegions = (
				en,
				Base,
			);
			mainGroup = 0DE4B56E295BA24A00297FB6;
			packageReferences = (
				0DED451F29EE2BFB00F48F69 /* XCRemoteSwiftPackageReference "firebase-ios-sdk" */,
			);
			productRefGroup = 0DE4B578295BA24A00297FB6 /* Products */;
			projectDirPath = "";
			projectRoot = "";
			targets = (
				0DE4B576295BA24A00297FB6 /* recipez */,
			);
		};
/* End PBXProject section */

/* Begin PBXResourcesBuildPhase section */
		0DE4B575295BA24A00297FB6 /* Resources */ = {
			isa = PBXResourcesBuildPhase;
			buildActionMask = 2147483647;
			files = (
				0DE4B582295BA24B00297FB6 /* Preview Assets.xcassets in Resources */,
				0DE4B57F295BA24B00297FB6 /* Assets.xcassets in Resources */,
				0DF6AEAA29DB93F90060E65D /* GoogleService-Info.plist in Resources */,
			);
			runOnlyForDeploymentPostprocessing = 0;
		};
/* End PBXResourcesBuildPhase section */

/* Begin PBXShellScriptBuildPhase section */
		75BAD117CB06634718AE4384 /* [CP] Check Pods Manifest.lock */ = {
			isa = PBXShellScriptBuildPhase;
			buildActionMask = 2147483647;
			files = (
			);
			inputFileListPaths = (
			);
			inputPaths = (
				"${PODS_PODFILE_DIR_PATH}/Podfile.lock",
				"${PODS_ROOT}/Manifest.lock",
			);
			name = "[CP] Check Pods Manifest.lock";
			outputFileListPaths = (
			);
			outputPaths = (
				"$(DERIVED_FILE_DIR)/Pods-recipez-checkManifestLockResult.txt",
			);
			runOnlyForDeploymentPostprocessing = 0;
			shellPath = /bin/sh;
			shellScript = "diff \"${PODS_PODFILE_DIR_PATH}/Podfile.lock\" \"${PODS_ROOT}/Manifest.lock\" > /dev/null\nif [ $? != 0 ] ; then\n    # print error to STDERR\n    echo \"error: The sandbox is not in sync with the Podfile.lock. Run 'pod install' or update your CocoaPods installation.\" >&2\n    exit 1\nfi\n# This output is used by Xcode 'outputs' to avoid re-running this script phase.\necho \"SUCCESS\" > \"${SCRIPT_OUTPUT_FILE_0}\"\n";
			showEnvVarsInLog = 0;
		};
		CC61290FD26D58E49033F243 /* [CP] Embed Pods Frameworks */ = {
			isa = PBXShellScriptBuildPhase;
			buildActionMask = 2147483647;
			files = (
			);
			inputFileListPaths = (
				"${PODS_ROOT}/Target Support Files/Pods-recipez/Pods-recipez-frameworks-${CONFIGURATION}-input-files.xcfilelist",
			);
			name = "[CP] Embed Pods Frameworks";
			outputFileListPaths = (
				"${PODS_ROOT}/Target Support Files/Pods-recipez/Pods-recipez-frameworks-${CONFIGURATION}-output-files.xcfilelist",
			);
			runOnlyForDeploymentPostprocessing = 0;
			shellPath = /bin/sh;
			shellScript = "\"${PODS_ROOT}/Target Support Files/Pods-recipez/Pods-recipez-frameworks.sh\"\n";
			showEnvVarsInLog = 0;
		};
/* End PBXShellScriptBuildPhase section */

/* Begin PBXSourcesBuildPhase section */
		0DE4B573295BA24A00297FB6 /* Sources */ = {
			isa = PBXSourcesBuildPhase;
			buildActionMask = 2147483647;
			files = (
				0DF6AEA429DA0AF90060E65D /* CreateRecipeView.swift in Sources */,
				0DF6AEA629DB58E70060E65D /* CreateRecipeViewModel.swift in Sources */,
				0D4F595129A020A7002E1979 /* SignInView.swift in Sources */,
				0DED451E29EB3C2500F48F69 /* PhotoPickerModel.swift in Sources */,
				0DED451C29EB35AE00F48F69 /* PhotoPickerView.swift in Sources */,
				0DED453F29F3160300F48F69 /* RecipeModel.swift in Sources */,
				0DE4B58E296E60F100297FB6 /* RecipeSearchViewModel.swift in Sources */,
				0DE4B57D295BA24A00297FB6 /* HomeView.swift in Sources */,
				0DE4B58C295BA46C00297FB6 /* Meal_Model.swift in Sources */,
				0D4F594F2995C878002E1979 /* MainView.swift in Sources */,
				0D0ED31029A4442800BCEAC9 /* OnboardingViewModel.swift in Sources */,
				0DE4B57B295BA24A00297FB6 /* recipezApp.swift in Sources */,
			);
			runOnlyForDeploymentPostprocessing = 0;
		};
/* End PBXSourcesBuildPhase section */

/* Begin XCBuildConfiguration section */
		0DE4B583295BA24B00297FB6 /* Debug */ = {
			isa = XCBuildConfiguration;
			buildSettings = {
				ALWAYS_SEARCH_USER_PATHS = NO;
				CLANG_ANALYZER_NONNULL = YES;
				CLANG_ANALYZER_NUMBER_OBJECT_CONVERSION = YES_AGGRESSIVE;
				CLANG_CXX_LANGUAGE_STANDARD = "gnu++20";
				CLANG_ENABLE_MODULES = YES;
				CLANG_ENABLE_OBJC_ARC = YES;
				CLANG_ENABLE_OBJC_WEAK = YES;
				CLANG_WARN_BLOCK_CAPTURE_AUTORELEASING = YES;
				CLANG_WARN_BOOL_CONVERSION = YES;
				CLANG_WARN_COMMA = YES;
				CLANG_WARN_CONSTANT_CONVERSION = YES;
				CLANG_WARN_DEPRECATED_OBJC_IMPLEMENTATIONS = YES;
				CLANG_WARN_DIRECT_OBJC_ISA_USAGE = YES_ERROR;
				CLANG_WARN_DOCUMENTATION_COMMENTS = YES;
				CLANG_WARN_EMPTY_BODY = YES;
				CLANG_WARN_ENUM_CONVERSION = YES;
				CLANG_WARN_INFINITE_RECURSION = YES;
				CLANG_WARN_INT_CONVERSION = YES;
				CLANG_WARN_NON_LITERAL_NULL_CONVERSION = YES;
				CLANG_WARN_OBJC_IMPLICIT_RETAIN_SELF = YES;
				CLANG_WARN_OBJC_LITERAL_CONVERSION = YES;
				CLANG_WARN_OBJC_ROOT_CLASS = YES_ERROR;
				CLANG_WARN_QUOTED_INCLUDE_IN_FRAMEWORK_HEADER = YES;
				CLANG_WARN_RANGE_LOOP_ANALYSIS = YES;
				CLANG_WARN_STRICT_PROTOTYPES = YES;
				CLANG_WARN_SUSPICIOUS_MOVE = YES;
				CLANG_WARN_UNGUARDED_AVAILABILITY = YES_AGGRESSIVE;
				CLANG_WARN_UNREACHABLE_CODE = YES;
				CLANG_WARN__DUPLICATE_METHOD_MATCH = YES;
				COPY_PHASE_STRIP = NO;
				DEBUG_INFORMATION_FORMAT = dwarf;
				ENABLE_STRICT_OBJC_MSGSEND = YES;
				ENABLE_TESTABILITY = YES;
				GCC_C_LANGUAGE_STANDARD = gnu11;
				GCC_DYNAMIC_NO_PIC = NO;
				GCC_NO_COMMON_BLOCKS = YES;
				GCC_OPTIMIZATION_LEVEL = 0;
				GCC_PREPROCESSOR_DEFINITIONS = (
					"DEBUG=1",
					"$(inherited)",
				);
				GCC_WARN_64_TO_32_BIT_CONVERSION = YES;
				GCC_WARN_ABOUT_RETURN_TYPE = YES_ERROR;
				GCC_WARN_UNDECLARED_SELECTOR = YES;
				GCC_WARN_UNINITIALIZED_AUTOS = YES_AGGRESSIVE;
				GCC_WARN_UNUSED_FUNCTION = YES;
				GCC_WARN_UNUSED_VARIABLE = YES;
				IPHONEOS_DEPLOYMENT_TARGET = 16.0;
				MTL_ENABLE_DEBUG_INFO = INCLUDE_SOURCE;
				MTL_FAST_MATH = YES;
				ONLY_ACTIVE_ARCH = YES;
				SDKROOT = iphoneos;
				SWIFT_ACTIVE_COMPILATION_CONDITIONS = DEBUG;
				SWIFT_OPTIMIZATION_LEVEL = "-Onone";
			};
			name = Debug;
		};
		0DE4B584295BA24B00297FB6 /* Release */ = {
			isa = XCBuildConfiguration;
			buildSettings = {
				ALWAYS_SEARCH_USER_PATHS = NO;
				CLANG_ANALYZER_NONNULL = YES;
				CLANG_ANALYZER_NUMBER_OBJECT_CONVERSION = YES_AGGRESSIVE;
				CLANG_CXX_LANGUAGE_STANDARD = "gnu++20";
				CLANG_ENABLE_MODULES = YES;
				CLANG_ENABLE_OBJC_ARC = YES;
				CLANG_ENABLE_OBJC_WEAK = YES;
				CLANG_WARN_BLOCK_CAPTURE_AUTORELEASING = YES;
				CLANG_WARN_BOOL_CONVERSION = YES;
				CLANG_WARN_COMMA = YES;
				CLANG_WARN_CONSTANT_CONVERSION = YES;
				CLANG_WARN_DEPRECATED_OBJC_IMPLEMENTATIONS = YES;
				CLANG_WARN_DIRECT_OBJC_ISA_USAGE = YES_ERROR;
				CLANG_WARN_DOCUMENTATION_COMMENTS = YES;
				CLANG_WARN_EMPTY_BODY = YES;
				CLANG_WARN_ENUM_CONVERSION = YES;
				CLANG_WARN_INFINITE_RECURSION = YES;
				CLANG_WARN_INT_CONVERSION = YES;
				CLANG_WARN_NON_LITERAL_NULL_CONVERSION = YES;
				CLANG_WARN_OBJC_IMPLICIT_RETAIN_SELF = YES;
				CLANG_WARN_OBJC_LITERAL_CONVERSION = YES;
				CLANG_WARN_OBJC_ROOT_CLASS = YES_ERROR;
				CLANG_WARN_QUOTED_INCLUDE_IN_FRAMEWORK_HEADER = YES;
				CLANG_WARN_RANGE_LOOP_ANALYSIS = YES;
				CLANG_WARN_STRICT_PROTOTYPES = YES;
				CLANG_WARN_SUSPICIOUS_MOVE = YES;
				CLANG_WARN_UNGUARDED_AVAILABILITY = YES_AGGRESSIVE;
				CLANG_WARN_UNREACHABLE_CODE = YES;
				CLANG_WARN__DUPLICATE_METHOD_MATCH = YES;
				COPY_PHASE_STRIP = NO;
				DEBUG_INFORMATION_FORMAT = "dwarf-with-dsym";
				ENABLE_NS_ASSERTIONS = NO;
				ENABLE_STRICT_OBJC_MSGSEND = YES;
				GCC_C_LANGUAGE_STANDARD = gnu11;
				GCC_NO_COMMON_BLOCKS = YES;
				GCC_WARN_64_TO_32_BIT_CONVERSION = YES;
				GCC_WARN_ABOUT_RETURN_TYPE = YES_ERROR;
				GCC_WARN_UNDECLARED_SELECTOR = YES;
				GCC_WARN_UNINITIALIZED_AUTOS = YES_AGGRESSIVE;
				GCC_WARN_UNUSED_FUNCTION = YES;
				GCC_WARN_UNUSED_VARIABLE = YES;
				IPHONEOS_DEPLOYMENT_TARGET = 16.0;
				MTL_ENABLE_DEBUG_INFO = NO;
				MTL_FAST_MATH = YES;
				SDKROOT = iphoneos;
				SWIFT_COMPILATION_MODE = wholemodule;
				SWIFT_OPTIMIZATION_LEVEL = "-O";
				VALIDATE_PRODUCT = YES;
			};
			name = Release;
		};
		0DE4B586295BA24B00297FB6 /* Debug */ = {
			isa = XCBuildConfiguration;
			baseConfigurationReference = 846183FB7C271F570D501140 /* Pods-recipez.debug.xcconfig */;
			buildSettings = {
				ASSETCATALOG_COMPILER_APPICON_NAME = AppIcon;
				ASSETCATALOG_COMPILER_GLOBAL_ACCENT_COLOR_NAME = AccentColor;
				CODE_SIGN_ENTITLEMENTS = recipez/recipez.entitlements;
				CODE_SIGN_IDENTITY = "Apple Development";
				CODE_SIGN_STYLE = Automatic;
				CURRENT_PROJECT_VERSION = 1;
				DEVELOPMENT_ASSET_PATHS = "\"recipez/Preview Content\"";
				DEVELOPMENT_TEAM = 42DFQP3VAX;
				ENABLE_PREVIEWS = YES;
				GENERATE_INFOPLIST_FILE = YES;
				INFOPLIST_FILE = recipez/Info.plist;
				INFOPLIST_KEY_CFBundleDisplayName = RecipEz;
				INFOPLIST_KEY_LSApplicationCategoryType = "public.app-category.food-and-drink";
				INFOPLIST_KEY_UIApplicationSceneManifest_Generation = YES;
				INFOPLIST_KEY_UIApplicationSupportsIndirectInputEvents = YES;
				INFOPLIST_KEY_UILaunchScreen_Generation = YES;
				INFOPLIST_KEY_UISupportedInterfaceOrientations = UIInterfaceOrientationPortrait;
				INFOPLIST_KEY_UISupportedInterfaceOrientations_iPad = "UIInterfaceOrientationLandscapeLeft UIInterfaceOrientationLandscapeRight UIInterfaceOrientationPortrait UIInterfaceOrientationPortraitUpsideDown";
				IPHONEOS_DEPLOYMENT_TARGET = 15.0;
				LD_RUNPATH_SEARCH_PATHS = (
					"$(inherited)",
					"@executable_path/Frameworks",
				);
				MARKETING_VERSION = 1.0;
				PRODUCT_BUNDLE_IDENTIFIER = com.marcusestrada.recipez;
				PRODUCT_NAME = "$(TARGET_NAME)";
				PROVISIONING_PROFILE_SPECIFIER = "";
				SWIFT_EMIT_LOC_STRINGS = YES;
				SWIFT_INSTALL_OBJC_HEADER = YES;
				SWIFT_VERSION = 5.0;
				TARGETED_DEVICE_FAMILY = "1,2";
			};
			name = Debug;
		};
		0DE4B587295BA24B00297FB6 /* Release */ = {
			isa = XCBuildConfiguration;
			baseConfigurationReference = C9FF8625D1F3C2744ADB8380 /* Pods-recipez.release.xcconfig */;
			buildSettings = {
				ASSETCATALOG_COMPILER_APPICON_NAME = AppIcon;
				ASSETCATALOG_COMPILER_GLOBAL_ACCENT_COLOR_NAME = AccentColor;
				CODE_SIGN_ENTITLEMENTS = recipez/recipez.entitlements;
				CODE_SIGN_IDENTITY = "Apple Development";
				CODE_SIGN_STYLE = Automatic;
				CURRENT_PROJECT_VERSION = 1;
				DEVELOPMENT_ASSET_PATHS = "\"recipez/Preview Content\"";
				DEVELOPMENT_TEAM = 42DFQP3VAX;
				ENABLE_PREVIEWS = YES;
				GENERATE_INFOPLIST_FILE = YES;
				INFOPLIST_FILE = recipez/Info.plist;
				INFOPLIST_KEY_CFBundleDisplayName = RecipEz;
				INFOPLIST_KEY_LSApplicationCategoryType = "public.app-category.food-and-drink";
				INFOPLIST_KEY_UIApplicationSceneManifest_Generation = YES;
				INFOPLIST_KEY_UIApplicationSupportsIndirectInputEvents = YES;
				INFOPLIST_KEY_UILaunchScreen_Generation = YES;
				INFOPLIST_KEY_UISupportedInterfaceOrientations = UIInterfaceOrientationPortrait;
				INFOPLIST_KEY_UISupportedInterfaceOrientations_iPad = "UIInterfaceOrientationLandscapeLeft UIInterfaceOrientationLandscapeRight UIInterfaceOrientationPortrait UIInterfaceOrientationPortraitUpsideDown";
				IPHONEOS_DEPLOYMENT_TARGET = 15.0;
				LD_RUNPATH_SEARCH_PATHS = (
					"$(inherited)",
					"@executable_path/Frameworks",
				);
				MARKETING_VERSION = 1.0;
				PRODUCT_BUNDLE_IDENTIFIER = com.marcusestrada.recipez;
				PRODUCT_NAME = "$(TARGET_NAME)";
				PROVISIONING_PROFILE_SPECIFIER = "";
				SWIFT_EMIT_LOC_STRINGS = YES;
				SWIFT_INSTALL_OBJC_HEADER = YES;
				SWIFT_VERSION = 5.0;
				TARGETED_DEVICE_FAMILY = "1,2";
			};
			name = Release;
		};
/* End XCBuildConfiguration section */

/* Begin XCConfigurationList section */
		0DE4B572295BA24A00297FB6 /* Build configuration list for PBXProject "recipez" */ = {
			isa = XCConfigurationList;
			buildConfigurations = (
				0DE4B583295BA24B00297FB6 /* Debug */,
				0DE4B584295BA24B00297FB6 /* Release */,
			);
			defaultConfigurationIsVisible = 0;
			defaultConfigurationName = Release;
		};
		0DE4B585295BA24B00297FB6 /* Build configuration list for PBXNativeTarget "recipez" */ = {
			isa = XCConfigurationList;
			buildConfigurations = (
				0DE4B586295BA24B00297FB6 /* Debug */,
				0DE4B587295BA24B00297FB6 /* Release */,
			);
			defaultConfigurationIsVisible = 0;
			defaultConfigurationName = Release;
		};
/* End XCConfigurationList section */

/* Begin XCRemoteSwiftPackageReference section */
		0DED451F29EE2BFB00F48F69 /* XCRemoteSwiftPackageReference "firebase-ios-sdk" */ = {
			isa = XCRemoteSwiftPackageReference;
			repositoryURL = "https://github.com/firebase/firebase-ios-sdk";
			requirement = {
				kind = upToNextMajorVersion;
				minimumVersion = 9.0.0;
			};
		};
/* End XCRemoteSwiftPackageReference section */

/* Begin XCSwiftPackageProductDependency section */
		0DED452029EE2BFB00F48F69 /* FirebaseAnalytics */ = {
			isa = XCSwiftPackageProductDependency;
			package = 0DED451F29EE2BFB00F48F69 /* XCRemoteSwiftPackageReference "firebase-ios-sdk" */;
			productName = FirebaseAnalytics;
		};
		0DED452229EE2BFB00F48F69 /* FirebaseAnalyticsOnDeviceConversion */ = {
			isa = XCSwiftPackageProductDependency;
			package = 0DED451F29EE2BFB00F48F69 /* XCRemoteSwiftPackageReference "firebase-ios-sdk" */;
			productName = FirebaseAnalyticsOnDeviceConversion;
		};
		0DED452429EE2BFB00F48F69 /* FirebaseAnalyticsSwift */ = {
			isa = XCSwiftPackageProductDependency;
			package = 0DED451F29EE2BFB00F48F69 /* XCRemoteSwiftPackageReference "firebase-ios-sdk" */;
			productName = FirebaseAnalyticsSwift;
		};
		0DED452629EE2BFB00F48F69 /* FirebaseAnalyticsWithoutAdIdSupport */ = {
			isa = XCSwiftPackageProductDependency;
			package = 0DED451F29EE2BFB00F48F69 /* XCRemoteSwiftPackageReference "firebase-ios-sdk" */;
			productName = FirebaseAnalyticsWithoutAdIdSupport;
		};
		0DED452829EE2BFB00F48F69 /* FirebaseAuth */ = {
			isa = XCSwiftPackageProductDependency;
			package = 0DED451F29EE2BFB00F48F69 /* XCRemoteSwiftPackageReference "firebase-ios-sdk" */;
			productName = FirebaseAuth;
		};
		0DED452A29EE2BFB00F48F69 /* FirebaseCrashlytics */ = {
			isa = XCSwiftPackageProductDependency;
			package = 0DED451F29EE2BFB00F48F69 /* XCRemoteSwiftPackageReference "firebase-ios-sdk" */;
			productName = FirebaseCrashlytics;
		};
		0DED452C29EE2BFB00F48F69 /* FirebaseDatabase */ = {
			isa = XCSwiftPackageProductDependency;
			package = 0DED451F29EE2BFB00F48F69 /* XCRemoteSwiftPackageReference "firebase-ios-sdk" */;
			productName = FirebaseDatabase;
		};
		0DED452E29EE2BFB00F48F69 /* FirebaseDynamicLinks */ = {
			isa = XCSwiftPackageProductDependency;
			package = 0DED451F29EE2BFB00F48F69 /* XCRemoteSwiftPackageReference "firebase-ios-sdk" */;
			productName = FirebaseDynamicLinks;
		};
		0DED453029EE2BFB00F48F69 /* FirebaseFirestore */ = {
			isa = XCSwiftPackageProductDependency;
			package = 0DED451F29EE2BFB00F48F69 /* XCRemoteSwiftPackageReference "firebase-ios-sdk" */;
			productName = FirebaseFirestore;
		};
		0DED453229EE2BFB00F48F69 /* FirebaseFirestoreCombine-Community */ = {
			isa = XCSwiftPackageProductDependency;
			package = 0DED451F29EE2BFB00F48F69 /* XCRemoteSwiftPackageReference "firebase-ios-sdk" */;
			productName = "FirebaseFirestoreCombine-Community";
		};
		0DED453429EE2BFB00F48F69 /* FirebaseFirestoreSwift */ = {
			isa = XCSwiftPackageProductDependency;
			package = 0DED451F29EE2BFB00F48F69 /* XCRemoteSwiftPackageReference "firebase-ios-sdk" */;
			productName = FirebaseFirestoreSwift;
		};
		0DED453629EE2BFB00F48F69 /* FirebaseFunctions */ = {
			isa = XCSwiftPackageProductDependency;
			package = 0DED451F29EE2BFB00F48F69 /* XCRemoteSwiftPackageReference "firebase-ios-sdk" */;
			productName = FirebaseFunctions;
		};
		0DED453829EE2BFB00F48F69 /* FirebaseFunctionsCombine-Community */ = {
			isa = XCSwiftPackageProductDependency;
			package = 0DED451F29EE2BFB00F48F69 /* XCRemoteSwiftPackageReference "firebase-ios-sdk" */;
			productName = "FirebaseFunctionsCombine-Community";
		};
		0DED453A29EE2BFB00F48F69 /* FirebaseStorage */ = {
			isa = XCSwiftPackageProductDependency;
			package = 0DED451F29EE2BFB00F48F69 /* XCRemoteSwiftPackageReference "firebase-ios-sdk" */;
			productName = FirebaseStorage;
		};
		0DED453C29EE2BFB00F48F69 /* FirebaseStorageCombine-Community */ = {
			isa = XCSwiftPackageProductDependency;
			package = 0DED451F29EE2BFB00F48F69 /* XCRemoteSwiftPackageReference "firebase-ios-sdk" */;
			productName = "FirebaseStorageCombine-Community";
		};
/* End XCSwiftPackageProductDependency section */
	};
	rootObject = 0DE4B56F295BA24A00297FB6 /* Project object */;
}
