// !$*UTF8*$!
{
	archiveVersion = 1;
	classes = {
	};
	objectVersion = 56;
	objects = {

/* Begin PBXBuildFile section */
		0D0ED31029A4442800BCEAC9 /* OnboardingViewModel.swift in Sources */ = {isa = PBXBuildFile; fileRef = 0D0ED30F29A4442800BCEAC9 /* OnboardingViewModel.swift */; };
		0D0ED31229A457F200BCEAC9 /* GoogleService-Info.plist in Resources */ = {isa = PBXBuildFile; fileRef = 0D0ED31129A457F200BCEAC9 /* GoogleService-Info.plist */; };
		0D0ED31529A45A6100BCEAC9 /* FirebaseAnalyticsSwift in Frameworks */ = {isa = PBXBuildFile; productRef = 0D0ED31429A45A6100BCEAC9 /* FirebaseAnalyticsSwift */; };
		0D0ED31729A45A6100BCEAC9 /* FirebaseAnalyticsWithoutAdIdSupport in Frameworks */ = {isa = PBXBuildFile; productRef = 0D0ED31629A45A6100BCEAC9 /* FirebaseAnalyticsWithoutAdIdSupport */; };
		0D0ED31929A45A6100BCEAC9 /* FirebaseAuth in Frameworks */ = {isa = PBXBuildFile; productRef = 0D0ED31829A45A6100BCEAC9 /* FirebaseAuth */; };
		0D0ED31B29A45A6100BCEAC9 /* FirebaseFirestoreSwift in Frameworks */ = {isa = PBXBuildFile; productRef = 0D0ED31A29A45A6100BCEAC9 /* FirebaseFirestoreSwift */; };
		0D4F594F2995C878002E1979 /* MainView.swift in Sources */ = {isa = PBXBuildFile; fileRef = 0D4F594E2995C878002E1979 /* MainView.swift */; };
		0D4F595129A020A7002E1979 /* SignInView.swift in Sources */ = {isa = PBXBuildFile; fileRef = 0D4F595029A020A7002E1979 /* SignInView.swift */; };
		0DE4B57B295BA24A00297FB6 /* recipezApp.swift in Sources */ = {isa = PBXBuildFile; fileRef = 0DE4B57A295BA24A00297FB6 /* recipezApp.swift */; };
		0DE4B57D295BA24A00297FB6 /* HomeView.swift in Sources */ = {isa = PBXBuildFile; fileRef = 0DE4B57C295BA24A00297FB6 /* HomeView.swift */; };
		0DE4B57F295BA24B00297FB6 /* Assets.xcassets in Resources */ = {isa = PBXBuildFile; fileRef = 0DE4B57E295BA24B00297FB6 /* Assets.xcassets */; };
		0DE4B582295BA24B00297FB6 /* Preview Assets.xcassets in Resources */ = {isa = PBXBuildFile; fileRef = 0DE4B581295BA24B00297FB6 /* Preview Assets.xcassets */; };
		0DE4B58C295BA46C00297FB6 /* Meal_Model.swift in Sources */ = {isa = PBXBuildFile; fileRef = 0DE4B58B295BA46C00297FB6 /* Meal_Model.swift */; };
		0DE4B58E296E60F100297FB6 /* RecipeSearchViewModel.swift in Sources */ = {isa = PBXBuildFile; fileRef = 0DE4B58D296E60F100297FB6 /* RecipeSearchViewModel.swift */; };
		2CF2955C0E8CA358567414D3 /* Pods_recipez.framework in Frameworks */ = {isa = PBXBuildFile; fileRef = 6441A6E9127C22A9061A943C /* Pods_recipez.framework */; };
/* End PBXBuildFile section */

/* Begin PBXFileReference section */
		0D0ED30F29A4442800BCEAC9 /* OnboardingViewModel.swift */ = {isa = PBXFileReference; lastKnownFileType = sourcecode.swift; path = OnboardingViewModel.swift; sourceTree = "<group>"; };
		0D0ED31129A457F200BCEAC9 /* GoogleService-Info.plist */ = {isa = PBXFileReference; fileEncoding = 4; lastKnownFileType = text.plist.xml; path = "GoogleService-Info.plist"; sourceTree = "<group>"; };
		0D4F594E2995C878002E1979 /* MainView.swift */ = {isa = PBXFileReference; lastKnownFileType = sourcecode.swift; path = MainView.swift; sourceTree = "<group>"; };
		0D4F595029A020A7002E1979 /* SignInView.swift */ = {isa = PBXFileReference; lastKnownFileType = sourcecode.swift; path = SignInView.swift; sourceTree = "<group>"; };
		0DA3D43829D2606800CB4881 /* Info.plist */ = {isa = PBXFileReference; lastKnownFileType = text.plist; path = Info.plist; sourceTree = "<group>"; };
		0DE4B577295BA24A00297FB6 /* recipez.app */ = {isa = PBXFileReference; explicitFileType = wrapper.application; includeInIndex = 0; path = recipez.app; sourceTree = BUILT_PRODUCTS_DIR; };
		0DE4B57A295BA24A00297FB6 /* recipezApp.swift */ = {isa = PBXFileReference; lastKnownFileType = sourcecode.swift; path = recipezApp.swift; sourceTree = "<group>"; };
		0DE4B57C295BA24A00297FB6 /* HomeView.swift */ = {isa = PBXFileReference; lastKnownFileType = sourcecode.swift; path = HomeView.swift; sourceTree = "<group>"; };
		0DE4B57E295BA24B00297FB6 /* Assets.xcassets */ = {isa = PBXFileReference; lastKnownFileType = folder.assetcatalog; path = Assets.xcassets; sourceTree = "<group>"; };
		0DE4B581295BA24B00297FB6 /* Preview Assets.xcassets */ = {isa = PBXFileReference; lastKnownFileType = folder.assetcatalog; path = "Preview Assets.xcassets"; sourceTree = "<group>"; };
		0DE4B58B295BA46C00297FB6 /* Meal_Model.swift */ = {isa = PBXFileReference; lastKnownFileType = sourcecode.swift; path = Meal_Model.swift; sourceTree = "<group>"; };
		0DE4B58D296E60F100297FB6 /* RecipeSearchViewModel.swift */ = {isa = PBXFileReference; lastKnownFileType = sourcecode.swift; path = RecipeSearchViewModel.swift; sourceTree = "<group>"; };
		1D48AA192F9A7E60C112FADC /* Pods-recipez.debug.xcconfig */ = {isa = PBXFileReference; includeInIndex = 1; lastKnownFileType = text.xcconfig; name = "Pods-recipez.debug.xcconfig"; path = "Target Support Files/Pods-recipez/Pods-recipez.debug.xcconfig"; sourceTree = "<group>"; };
		6441A6E9127C22A9061A943C /* Pods_recipez.framework */ = {isa = PBXFileReference; explicitFileType = wrapper.framework; includeInIndex = 0; path = Pods_recipez.framework; sourceTree = BUILT_PRODUCTS_DIR; };
		727C9ED6B9C41CEA12F3B064 /* Pods-recipez.release.xcconfig */ = {isa = PBXFileReference; includeInIndex = 1; lastKnownFileType = text.xcconfig; name = "Pods-recipez.release.xcconfig"; path = "Target Support Files/Pods-recipez/Pods-recipez.release.xcconfig"; sourceTree = "<group>"; };
/* End PBXFileReference section */

/* Begin PBXFrameworksBuildPhase section */
		0DE4B574295BA24A00297FB6 /* Frameworks */ = {
			isa = PBXFrameworksBuildPhase;
			buildActionMask = 2147483647;
			files = (
				0D0ED31529A45A6100BCEAC9 /* FirebaseAnalyticsSwift in Frameworks */,
				0D0ED31929A45A6100BCEAC9 /* FirebaseAuth in Frameworks */,
				0D0ED31729A45A6100BCEAC9 /* FirebaseAnalyticsWithoutAdIdSupport in Frameworks */,
				0D0ED31B29A45A6100BCEAC9 /* FirebaseFirestoreSwift in Frameworks */,
				2CF2955C0E8CA358567414D3 /* Pods_recipez.framework in Frameworks */,
			);
			runOnlyForDeploymentPostprocessing = 0;
		};
/* End PBXFrameworksBuildPhase section */

/* Begin PBXGroup section */
		0DE4B56E295BA24A00297FB6 = {
			isa = PBXGroup;
			children = (
				0DE4B579295BA24A00297FB6 /* recipez */,
				0DE4B578295BA24A00297FB6 /* Products */,
				6A27C546AE62869FA3AAECB1 /* Pods */,
				B81D26F9519D514676C3D93A /* Frameworks */,
			);
			sourceTree = "<group>";
		};
		0DE4B578295BA24A00297FB6 /* Products */ = {
			isa = PBXGroup;
			children = (
				0DE4B577295BA24A00297FB6 /* recipez.app */,
			);
			name = Products;
			sourceTree = "<group>";
		};
		0DE4B579295BA24A00297FB6 /* recipez */ = {
			isa = PBXGroup;
			children = (
				0DA3D43829D2606800CB4881 /* Info.plist */,
				0D0ED31129A457F200BCEAC9 /* GoogleService-Info.plist */,
				0D0ED30F29A4442800BCEAC9 /* OnboardingViewModel.swift */,
				0DE4B588295BA26900297FB6 /* Models */,
				0DE4B57A295BA24A00297FB6 /* recipezApp.swift */,
				0DE4B57C295BA24A00297FB6 /* HomeView.swift */,
				0DE4B57E295BA24B00297FB6 /* Assets.xcassets */,
				0DE4B580295BA24B00297FB6 /* Preview Content */,
				0DE4B58D296E60F100297FB6 /* RecipeSearchViewModel.swift */,
				0D4F594E2995C878002E1979 /* MainView.swift */,
				0D4F595029A020A7002E1979 /* SignInView.swift */,
			);
			path = recipez;
			sourceTree = "<group>";
		};
		0DE4B580295BA24B00297FB6 /* Preview Content */ = {
			isa = PBXGroup;
			children = (
				0DE4B581295BA24B00297FB6 /* Preview Assets.xcassets */,
			);
			path = "Preview Content";
			sourceTree = "<group>";
		};
		0DE4B588295BA26900297FB6 /* Models */ = {
			isa = PBXGroup;
			children = (
				0DE4B58B295BA46C00297FB6 /* Meal_Model.swift */,
			);
			path = Models;
			sourceTree = "<group>";
		};
		6A27C546AE62869FA3AAECB1 /* Pods */ = {
			isa = PBXGroup;
			children = (
				1D48AA192F9A7E60C112FADC /* Pods-recipez.debug.xcconfig */,
				727C9ED6B9C41CEA12F3B064 /* Pods-recipez.release.xcconfig */,
			);
			path = Pods;
			sourceTree = "<group>";
		};
		B81D26F9519D514676C3D93A /* Frameworks */ = {
			isa = PBXGroup;
			children = (
				6441A6E9127C22A9061A943C /* Pods_recipez.framework */,
			);
			name = Frameworks;
			sourceTree = "<group>";
		};
/* End PBXGroup section */

/* Begin PBXNativeTarget section */
		0DE4B576295BA24A00297FB6 /* recipez */ = {
			isa = PBXNativeTarget;
			buildConfigurationList = 0DE4B585295BA24B00297FB6 /* Build configuration list for PBXNativeTarget "recipez" */;
			buildPhases = (
				DE524C44950BAE7EF38C9441 /* [CP] Check Pods Manifest.lock */,
				0DE4B573295BA24A00297FB6 /* Sources */,
				0DE4B574295BA24A00297FB6 /* Frameworks */,
				0DE4B575295BA24A00297FB6 /* Resources */,
				904489418F7F860F704B849E /* [CP] Embed Pods Frameworks */,
			);
			buildRules = (
			);
			dependencies = (
			);
			name = recipez;
			packageProductDependencies = (
				0D0ED31429A45A6100BCEAC9 /* FirebaseAnalyticsSwift */,
				0D0ED31629A45A6100BCEAC9 /* FirebaseAnalyticsWithoutAdIdSupport */,
				0D0ED31829A45A6100BCEAC9 /* FirebaseAuth */,
				0D0ED31A29A45A6100BCEAC9 /* FirebaseFirestoreSwift */,
			);
			productName = recipez;
			productReference = 0DE4B577295BA24A00297FB6 /* recipez.app */;
			productType = "com.apple.product-type.application";
		};
/* End PBXNativeTarget section */

/* Begin PBXProject section */
		0DE4B56F295BA24A00297FB6 /* Project object */ = {
			isa = PBXProject;
			attributes = {
				BuildIndependentTargetsInParallel = 1;
				LastSwiftUpdateCheck = 1400;
				LastUpgradeCheck = 1400;
				TargetAttributes = {
					0DE4B576295BA24A00297FB6 = {
						CreatedOnToolsVersion = 14.0.1;
					};
				};
			};
			buildConfigurationList = 0DE4B572295BA24A00297FB6 /* Build configuration list for PBXProject "recipez" */;
			compatibilityVersion = "Xcode 14.0";
			developmentRegion = en;
			hasScannedForEncodings = 0;
			knownRegions = (
				en,
				Base,
			);
			mainGroup = 0DE4B56E295BA24A00297FB6;
			packageReferences = (
				0D0ED31329A45A6100BCEAC9 /* XCRemoteSwiftPackageReference "firebase-ios-sdk" */,
			);
			productRefGroup = 0DE4B578295BA24A00297FB6 /* Products */;
			projectDirPath = "";
			projectRoot = "";
			targets = (
				0DE4B576295BA24A00297FB6 /* recipez */,
			);
		};
/* End PBXProject section */

/* Begin PBXResourcesBuildPhase section */
		0DE4B575295BA24A00297FB6 /* Resources */ = {
			isa = PBXResourcesBuildPhase;
			buildActionMask = 2147483647;
			files = (
				0DE4B582295BA24B00297FB6 /* Preview Assets.xcassets in Resources */,
				0DE4B57F295BA24B00297FB6 /* Assets.xcassets in Resources */,
				0D0ED31229A457F200BCEAC9 /* GoogleService-Info.plist in Resources */,
			);
			runOnlyForDeploymentPostprocessing = 0;
		};
/* End PBXResourcesBuildPhase section */

/* Begin PBXShellScriptBuildPhase section */
		904489418F7F860F704B849E /* [CP] Embed Pods Frameworks */ = {
			isa = PBXShellScriptBuildPhase;
			buildActionMask = 2147483647;
			files = (
			);
			inputFileListPaths = (
				"${PODS_ROOT}/Target Support Files/Pods-recipez/Pods-recipez-frameworks-${CONFIGURATION}-input-files.xcfilelist",
			);
			name = "[CP] Embed Pods Frameworks";
			outputFileListPaths = (
				"${PODS_ROOT}/Target Support Files/Pods-recipez/Pods-recipez-frameworks-${CONFIGURATION}-output-files.xcfilelist",
			);
			runOnlyForDeploymentPostprocessing = 0;
			shellPath = /bin/sh;
			shellScript = "\"${PODS_ROOT}/Target Support Files/Pods-recipez/Pods-recipez-frameworks.sh\"\n";
			showEnvVarsInLog = 0;
		};
		DE524C44950BAE7EF38C9441 /* [CP] Check Pods Manifest.lock */ = {
			isa = PBXShellScriptBuildPhase;
			buildActionMask = 2147483647;
			files = (
			);
			inputFileListPaths = (
			);
			inputPaths = (
				"${PODS_PODFILE_DIR_PATH}/Podfile.lock",
				"${PODS_ROOT}/Manifest.lock",
			);
			name = "[CP] Check Pods Manifest.lock";
			outputFileListPaths = (
			);
			outputPaths = (
				"$(DERIVED_FILE_DIR)/Pods-recipez-checkManifestLockResult.txt",
			);
			runOnlyForDeploymentPostprocessing = 0;
			shellPath = /bin/sh;
			shellScript = "diff \"${PODS_PODFILE_DIR_PATH}/Podfile.lock\" \"${PODS_ROOT}/Manifest.lock\" > /dev/null\nif [ $? != 0 ] ; then\n    # print error to STDERR\n    echo \"error: The sandbox is not in sync with the Podfile.lock. Run 'pod install' or update your CocoaPods installation.\" >&2\n    exit 1\nfi\n# This output is used by Xcode 'outputs' to avoid re-running this script phase.\necho \"SUCCESS\" > \"${SCRIPT_OUTPUT_FILE_0}\"\n";
			showEnvVarsInLog = 0;
		};
/* End PBXShellScriptBuildPhase section */

/* Begin PBXSourcesBuildPhase section */
		0DE4B573295BA24A00297FB6 /* Sources */ = {
			isa = PBXSourcesBuildPhase;
			buildActionMask = 2147483647;
			files = (
				0D4F595129A020A7002E1979 /* SignInView.swift in Sources */,
				0DE4B58E296E60F100297FB6 /* RecipeSearchViewModel.swift in Sources */,
				0DE4B57D295BA24A00297FB6 /* HomeView.swift in Sources */,
				0DE4B58C295BA46C00297FB6 /* Meal_Model.swift in Sources */,
				0D4F594F2995C878002E1979 /* MainView.swift in Sources */,
				0D0ED31029A4442800BCEAC9 /* OnboardingViewModel.swift in Sources */,
				0DE4B57B295BA24A00297FB6 /* recipezApp.swift in Sources */,
			);
			runOnlyForDeploymentPostprocessing = 0;
		};
/* End PBXSourcesBuildPhase section */

/* Begin XCBuildConfiguration section */
		0DE4B583295BA24B00297FB6 /* Debug */ = {
			isa = XCBuildConfiguration;
			buildSettings = {
				ALWAYS_SEARCH_USER_PATHS = NO;
				CLANG_ANALYZER_NONNULL = YES;
				CLANG_ANALYZER_NUMBER_OBJECT_CONVERSION = YES_AGGRESSIVE;
				CLANG_CXX_LANGUAGE_STANDARD = "gnu++20";
				CLANG_ENABLE_MODULES = YES;
				CLANG_ENABLE_OBJC_ARC = YES;
				CLANG_ENABLE_OBJC_WEAK = YES;
				CLANG_WARN_BLOCK_CAPTURE_AUTORELEASING = YES;
				CLANG_WARN_BOOL_CONVERSION = YES;
				CLANG_WARN_COMMA = YES;
				CLANG_WARN_CONSTANT_CONVERSION = YES;
				CLANG_WARN_DEPRECATED_OBJC_IMPLEMENTATIONS = YES;
				CLANG_WARN_DIRECT_OBJC_ISA_USAGE = YES_ERROR;
				CLANG_WARN_DOCUMENTATION_COMMENTS = YES;
				CLANG_WARN_EMPTY_BODY = YES;
				CLANG_WARN_ENUM_CONVERSION = YES;
				CLANG_WARN_INFINITE_RECURSION = YES;
				CLANG_WARN_INT_CONVERSION = YES;
				CLANG_WARN_NON_LITERAL_NULL_CONVERSION = YES;
				CLANG_WARN_OBJC_IMPLICIT_RETAIN_SELF = YES;
				CLANG_WARN_OBJC_LITERAL_CONVERSION = YES;
				CLANG_WARN_OBJC_ROOT_CLASS = YES_ERROR;
				CLANG_WARN_QUOTED_INCLUDE_IN_FRAMEWORK_HEADER = YES;
				CLANG_WARN_RANGE_LOOP_ANALYSIS = YES;
				CLANG_WARN_STRICT_PROTOTYPES = YES;
				CLANG_WARN_SUSPICIOUS_MOVE = YES;
				CLANG_WARN_UNGUARDED_AVAILABILITY = YES_AGGRESSIVE;
				CLANG_WARN_UNREACHABLE_CODE = YES;
				CLANG_WARN__DUPLICATE_METHOD_MATCH = YES;
				COPY_PHASE_STRIP = NO;
				DEBUG_INFORMATION_FORMAT = dwarf;
				ENABLE_STRICT_OBJC_MSGSEND = YES;
				ENABLE_TESTABILITY = YES;
				GCC_C_LANGUAGE_STANDARD = gnu11;
				GCC_DYNAMIC_NO_PIC = NO;
				GCC_NO_COMMON_BLOCKS = YES;
				GCC_OPTIMIZATION_LEVEL = 0;
				GCC_PREPROCESSOR_DEFINITIONS = (
					"DEBUG=1",
					"$(inherited)",
				);
				GCC_WARN_64_TO_32_BIT_CONVERSION = YES;
				GCC_WARN_ABOUT_RETURN_TYPE = YES_ERROR;
				GCC_WARN_UNDECLARED_SELECTOR = YES;
				GCC_WARN_UNINITIALIZED_AUTOS = YES_AGGRESSIVE;
				GCC_WARN_UNUSED_FUNCTION = YES;
				GCC_WARN_UNUSED_VARIABLE = YES;
				IPHONEOS_DEPLOYMENT_TARGET = 16.0;
				MTL_ENABLE_DEBUG_INFO = INCLUDE_SOURCE;
				MTL_FAST_MATH = YES;
				ONLY_ACTIVE_ARCH = YES;
				SDKROOT = iphoneos;
				SWIFT_ACTIVE_COMPILATION_CONDITIONS = DEBUG;
				SWIFT_OPTIMIZATION_LEVEL = "-Onone";
			};
			name = Debug;
		};
		0DE4B584295BA24B00297FB6 /* Release */ = {
			isa = XCBuildConfiguration;
			buildSettings = {
				ALWAYS_SEARCH_USER_PATHS = NO;
				CLANG_ANALYZER_NONNULL = YES;
				CLANG_ANALYZER_NUMBER_OBJECT_CONVERSION = YES_AGGRESSIVE;
				CLANG_CXX_LANGUAGE_STANDARD = "gnu++20";
				CLANG_ENABLE_MODULES = YES;
				CLANG_ENABLE_OBJC_ARC = YES;
				CLANG_ENABLE_OBJC_WEAK = YES;
				CLANG_WARN_BLOCK_CAPTURE_AUTORELEASING = YES;
				CLANG_WARN_BOOL_CONVERSION = YES;
				CLANG_WARN_COMMA = YES;
				CLANG_WARN_CONSTANT_CONVERSION = YES;
				CLANG_WARN_DEPRECATED_OBJC_IMPLEMENTATIONS = YES;
				CLANG_WARN_DIRECT_OBJC_ISA_USAGE = YES_ERROR;
				CLANG_WARN_DOCUMENTATION_COMMENTS = YES;
				CLANG_WARN_EMPTY_BODY = YES;
				CLANG_WARN_ENUM_CONVERSION = YES;
				CLANG_WARN_INFINITE_RECURSION = YES;
				CLANG_WARN_INT_CONVERSION = YES;
				CLANG_WARN_NON_LITERAL_NULL_CONVERSION = YES;
				CLANG_WARN_OBJC_IMPLICIT_RETAIN_SELF = YES;
				CLANG_WARN_OBJC_LITERAL_CONVERSION = YES;
				CLANG_WARN_OBJC_ROOT_CLASS = YES_ERROR;
				CLANG_WARN_QUOTED_INCLUDE_IN_FRAMEWORK_HEADER = YES;
				CLANG_WARN_RANGE_LOOP_ANALYSIS = YES;
				CLANG_WARN_STRICT_PROTOTYPES = YES;
				CLANG_WARN_SUSPICIOUS_MOVE = YES;
				CLANG_WARN_UNGUARDED_AVAILABILITY = YES_AGGRESSIVE;
				CLANG_WARN_UNREACHABLE_CODE = YES;
				CLANG_WARN__DUPLICATE_METHOD_MATCH = YES;
				COPY_PHASE_STRIP = NO;
				DEBUG_INFORMATION_FORMAT = "dwarf-with-dsym";
				ENABLE_NS_ASSERTIONS = NO;
				ENABLE_STRICT_OBJC_MSGSEND = YES;
				GCC_C_LANGUAGE_STANDARD = gnu11;
				GCC_NO_COMMON_BLOCKS = YES;
				GCC_WARN_64_TO_32_BIT_CONVERSION = YES;
				GCC_WARN_ABOUT_RETURN_TYPE = YES_ERROR;
				GCC_WARN_UNDECLARED_SELECTOR = YES;
				GCC_WARN_UNINITIALIZED_AUTOS = YES_AGGRESSIVE;
				GCC_WARN_UNUSED_FUNCTION = YES;
				GCC_WARN_UNUSED_VARIABLE = YES;
				IPHONEOS_DEPLOYMENT_TARGET = 16.0;
				MTL_ENABLE_DEBUG_INFO = NO;
				MTL_FAST_MATH = YES;
				SDKROOT = iphoneos;
				SWIFT_COMPILATION_MODE = wholemodule;
				SWIFT_OPTIMIZATION_LEVEL = "-O";
				VALIDATE_PRODUCT = YES;
			};
			name = Release;
		};
		0DE4B586295BA24B00297FB6 /* Debug */ = {
			isa = XCBuildConfiguration;
			baseConfigurationReference = 1D48AA192F9A7E60C112FADC /* Pods-recipez.debug.xcconfig */;
			buildSettings = {
				ASSETCATALOG_COMPILER_APPICON_NAME = AppIcon;
				ASSETCATALOG_COMPILER_GLOBAL_ACCENT_COLOR_NAME = AccentColor;
				CODE_SIGN_STYLE = Automatic;
				CURRENT_PROJECT_VERSION = 1;
				DEVELOPMENT_ASSET_PATHS = "\"recipez/Preview Content\"";
				DEVELOPMENT_TEAM = 42DFQP3VAX;
				ENABLE_PREVIEWS = YES;
				GENERATE_INFOPLIST_FILE = YES;
				INFOPLIST_FILE = recipez/Info.plist;
				INFOPLIST_KEY_CFBundleDisplayName = RecipEz;
				INFOPLIST_KEY_LSApplicationCategoryType = "public.app-category.food-and-drink";
				INFOPLIST_KEY_UIApplicationSceneManifest_Generation = YES;
				INFOPLIST_KEY_UIApplicationSupportsIndirectInputEvents = YES;
				INFOPLIST_KEY_UILaunchScreen_Generation = YES;
				INFOPLIST_KEY_UISupportedInterfaceOrientations = UIInterfaceOrientationPortrait;
				INFOPLIST_KEY_UISupportedInterfaceOrientations_iPad = "UIInterfaceOrientationLandscapeLeft UIInterfaceOrientationLandscapeRight UIInterfaceOrientationPortrait UIInterfaceOrientationPortraitUpsideDown";
				IPHONEOS_DEPLOYMENT_TARGET = 15.0;
				LD_RUNPATH_SEARCH_PATHS = (
					"$(inherited)",
					"@executable_path/Frameworks",
				);
				MARKETING_VERSION = 1.0;
				PRODUCT_BUNDLE_IDENTIFIER = com.marcusestrada.recipez;
				PRODUCT_NAME = "$(TARGET_NAME)";
				SWIFT_EMIT_LOC_STRINGS = YES;
				SWIFT_VERSION = 5.0;
				TARGETED_DEVICE_FAMILY = "1,2";
			};
			name = Debug;
		};
		0DE4B587295BA24B00297FB6 /* Release */ = {
			isa = XCBuildConfiguration;
			baseConfigurationReference = 727C9ED6B9C41CEA12F3B064 /* Pods-recipez.release.xcconfig */;
			buildSettings = {
				ASSETCATALOG_COMPILER_APPICON_NAME = AppIcon;
				ASSETCATALOG_COMPILER_GLOBAL_ACCENT_COLOR_NAME = AccentColor;
				CODE_SIGN_STYLE = Automatic;
				CURRENT_PROJECT_VERSION = 1;
				DEVELOPMENT_ASSET_PATHS = "\"recipez/Preview Content\"";
				DEVELOPMENT_TEAM = 42DFQP3VAX;
				ENABLE_PREVIEWS = YES;
				GENERATE_INFOPLIST_FILE = YES;
				INFOPLIST_FILE = recipez/Info.plist;
				INFOPLIST_KEY_CFBundleDisplayName = RecipEz;
				INFOPLIST_KEY_LSApplicationCategoryType = "public.app-category.food-and-drink";
				INFOPLIST_KEY_UIApplicationSceneManifest_Generation = YES;
				INFOPLIST_KEY_UIApplicationSupportsIndirectInputEvents = YES;
				INFOPLIST_KEY_UILaunchScreen_Generation = YES;
				INFOPLIST_KEY_UISupportedInterfaceOrientations = UIInterfaceOrientationPortrait;
				INFOPLIST_KEY_UISupportedInterfaceOrientations_iPad = "UIInterfaceOrientationLandscapeLeft UIInterfaceOrientationLandscapeRight UIInterfaceOrientationPortrait UIInterfaceOrientationPortraitUpsideDown";
				IPHONEOS_DEPLOYMENT_TARGET = 15.0;
				LD_RUNPATH_SEARCH_PATHS = (
					"$(inherited)",
					"@executable_path/Frameworks",
				);
				MARKETING_VERSION = 1.0;
				PRODUCT_BUNDLE_IDENTIFIER = com.marcusestrada.recipez;
				PRODUCT_NAME = "$(TARGET_NAME)";
				SWIFT_EMIT_LOC_STRINGS = YES;
				SWIFT_VERSION = 5.0;
				TARGETED_DEVICE_FAMILY = "1,2";
			};
			name = Release;
		};
/* End XCBuildConfiguration section */

/* Begin XCConfigurationList section */
		0DE4B572295BA24A00297FB6 /* Build configuration list for PBXProject "recipez" */ = {
			isa = XCConfigurationList;
			buildConfigurations = (
				0DE4B583295BA24B00297FB6 /* Debug */,
				0DE4B584295BA24B00297FB6 /* Release */,
			);
			defaultConfigurationIsVisible = 0;
			defaultConfigurationName = Release;
		};
		0DE4B585295BA24B00297FB6 /* Build configuration list for PBXNativeTarget "recipez" */ = {
			isa = XCConfigurationList;
			buildConfigurations = (
				0DE4B586295BA24B00297FB6 /* Debug */,
				0DE4B587295BA24B00297FB6 /* Release */,
			);
			defaultConfigurationIsVisible = 0;
			defaultConfigurationName = Release;
		};
/* End XCConfigurationList section */

/* Begin XCRemoteSwiftPackageReference section */
		0D0ED31329A45A6100BCEAC9 /* XCRemoteSwiftPackageReference "firebase-ios-sdk" */ = {
			isa = XCRemoteSwiftPackageReference;
			repositoryURL = "https://github.com/firebase/firebase-ios-sdk";
			requirement = {
				kind = upToNextMajorVersion;
				minimumVersion = 9.0.0;
			};
		};
/* End XCRemoteSwiftPackageReference section */

/* Begin XCSwiftPackageProductDependency section */
		0D0ED31429A45A6100BCEAC9 /* FirebaseAnalyticsSwift */ = {
			isa = XCSwiftPackageProductDependency;
			package = 0D0ED31329A45A6100BCEAC9 /* XCRemoteSwiftPackageReference "firebase-ios-sdk" */;
			productName = FirebaseAnalyticsSwift;
		};
		0D0ED31629A45A6100BCEAC9 /* FirebaseAnalyticsWithoutAdIdSupport */ = {
			isa = XCSwiftPackageProductDependency;
			package = 0D0ED31329A45A6100BCEAC9 /* XCRemoteSwiftPackageReference "firebase-ios-sdk" */;
			productName = FirebaseAnalyticsWithoutAdIdSupport;
		};
		0D0ED31829A45A6100BCEAC9 /* FirebaseAuth */ = {
			isa = XCSwiftPackageProductDependency;
			package = 0D0ED31329A45A6100BCEAC9 /* XCRemoteSwiftPackageReference "firebase-ios-sdk" */;
			productName = FirebaseAuth;
		};
		0D0ED31A29A45A6100BCEAC9 /* FirebaseFirestoreSwift */ = {
			isa = XCSwiftPackageProductDependency;
			package = 0D0ED31329A45A6100BCEAC9 /* XCRemoteSwiftPackageReference "firebase-ios-sdk" */;
			productName = FirebaseFirestoreSwift;
		};
/* End XCSwiftPackageProductDependency section */
	};
	rootObject = 0DE4B56F295BA24A00297FB6 /* Project object */;
}
